Microsoft Visual Studio Solution File, Format Version 11.00
# Visual Studio 2008

Project("{20D0760D-8045-200B-F7DB-A100FFC46C7A}") = "Auto Johnny_21_physics_refined", "Assembly-CSharp-firstpass.csproj", "{6CF4215C-9604-4AA2-FCEA-BD4FBC651D84}"
EndProject
Project("{20D0760D-8045-200B-F7DB-A100FFC46C7A}") = "Auto Johnny_21_physics_refined", "Assembly-CSharp.csproj", "{0EC110A1-1BB0-FDE3-17FA-2A8A48A2B64E}"
EndProject
Project("{20D0760D-8045-200B-F7DB-A100FFC46C7A}") = "Auto Johnny_21_physics_refined", "Assembly-CSharp-Editor.csproj", "{9E5E9C43-EB4A-DA94-5B2E-11C85BE8599E}"
EndProject
Project("{20D0760D-8045-200B-F7DB-A100FFC46C7A}") = "Auto Johnny_21_physics_refined", "Assembly-UnityScript-firstpass.unityproj", "{7E9CA75C-79AD-9956-4CE6-7A1D11B852A7}"
EndProject
Project("{20D0760D-8045-200B-F7DB-A100FFC46C7A}") = "Auto Johnny_21_physics_refined", "Assembly-UnityScript.unityproj", "{68ED7A09-6836-9FE5-E066-446D3A106AAC}"
EndProject
Global
	GlobalSection(SolutionConfigurationPlatforms) = preSolution
		Debug|Any CPU = Debug|Any CPU
		Release|Any CPU = Release|Any CPU
	EndGlobalSection
	GlobalSection(ProjectConfigurationPlatforms) = postSolution
		{6CF4215C-9604-4AA2-FCEA-BD4FBC651D84}.Debug|Any CPU.ActiveCfg = Debug|Any CPU
		{6CF4215C-9604-4AA2-FCEA-BD4FBC651D84}.Debug|Any CPU.Build.0 = Debug|Any CPU
		{6CF4215C-9604-4AA2-FCEA-BD4FBC651D84}.Release|Any CPU.ActiveCfg = Release|Any CPU
		{6CF4215C-9604-4AA2-FCEA-BD4FBC651D84}.Release|Any CPU.Build.0 = Release|Any CPU
		{0EC110A1-1BB0-FDE3-17FA-2A8A48A2B64E}.Debug|Any CPU.ActiveCfg = Debug|Any CPU
		{0EC110A1-1BB0-FDE3-17FA-2A8A48A2B64E}.Debug|Any CPU.Build.0 = Debug|Any CPU
		{0EC110A1-1BB0-FDE3-17FA-2A8A48A2B64E}.Release|Any CPU.ActiveCfg = Release|Any CPU
		{0EC110A1-1BB0-FDE3-17FA-2A8A48A2B64E}.Release|Any CPU.Build.0 = Release|Any CPU
		{9E5E9C43-EB4A-DA94-5B2E-11C85BE8599E}.Debug|Any CPU.ActiveCfg = Debug|Any CPU
		{9E5E9C43-EB4A-DA94-5B2E-11C85BE8599E}.Debug|Any CPU.Build.0 = Debug|Any CPU
		{9E5E9C43-EB4A-DA94-5B2E-11C85BE8599E}.Release|Any CPU.ActiveCfg = Release|Any CPU
		{9E5E9C43-EB4A-DA94-5B2E-11C85BE8599E}.Release|Any CPU.Build.0 = Release|Any CPU
		{7E9CA75C-79AD-9956-4CE6-7A1D11B852A7}.Debug|Any CPU.ActiveCfg = Debug|Any CPU
		{7E9CA75C-79AD-9956-4CE6-7A1D11B852A7}.Debug|Any CPU.Build.0 = Debug|Any CPU
		{7E9CA75C-79AD-9956-4CE6-7A1D11B852A7}.Release|Any CPU.ActiveCfg = Release|Any CPU
		{7E9CA75C-79AD-9956-4CE6-7A1D11B852A7}.Release|Any CPU.Build.0 = Release|Any CPU
		{68ED7A09-6836-9FE5-E066-446D3A106AAC}.Debug|Any CPU.ActiveCfg = Debug|Any CPU
		{68ED7A09-6836-9FE5-E066-446D3A106AAC}.Debug|Any CPU.Build.0 = Debug|Any CPU
		{68ED7A09-6836-9FE5-E066-446D3A106AAC}.Release|Any CPU.ActiveCfg = Release|Any CPU
		{68ED7A09-6836-9FE5-E066-446D3A106AAC}.Release|Any CPU.Build.0 = Release|Any CPU
	EndGlobalSection
	GlobalSection(SolutionProperties) = preSolution
		HideSolutionNode = FALSE
	EndGlobalSection
					GlobalSection(MonoDevelopProperties) = preSolution
		StartupItem = Assembly-CSharp.csproj
		Policies = $0
		$0.TextStylePolicy = $1
		$1.inheritsSet = null
		$1.scope = text/x-csharp
		$0.CSharpFormattingPolicy = $2
		$2.inheritsSet = Mono
		$2.inheritsScope = text/x-csharp
		$2.scope = text/x-csharp
		$0.TextStylePolicy = $3
		$3.FileWidth = 120
		$3.TabWidth = 4
		$3.EolMarker = Unix
		$3.inheritsSet = Mono
		$3.inheritsScope = text/plain
		$3.scope = text/plain
	EndGlobalSection

EndGlobal
