Microsoft Visual Studio Solution File, Format Version 11.00
# Visual Studio 2008

Project("{2E73C94F-385C-2FD3-B330-8D32D8D21E1D}") = "Auto Johnny_22", "Assembly-CSharp-firstpass.csproj", "{0668C3AD-C37B-A55A-6F4F-9144B720DCB0}"
EndProject
Project("{2E73C94F-385C-2FD3-B330-8D32D8D21E1D}") = "Auto Johnny_22", "Assembly-CSharp.csproj", "{B20D95A5-D2CB-B51E-30E6-76B04814D88A}"
EndProject
Project("{2E73C94F-385C-2FD3-B330-8D32D8D21E1D}") = "Auto Johnny_22", "Assembly-CSharp-Editor.csproj", "{B2E0D296-4546-6C97-3EEB-BE5970141FC7}"
EndProject
Project("{2E73C94F-385C-2FD3-B330-8D32D8D21E1D}") = "Auto Johnny_22", "Assembly-UnityScript-firstpass.unityproj", "{3C975554-C8A1-6CEA-1F21-6EF2C9BFBDB8}"
EndProject
Project("{2E73C94F-385C-2FD3-B330-8D32D8D21E1D}") = "Auto Johnny_22", "Assembly-UnityScript.unityproj", "{70F0CE0D-601C-6CEF-87A2-281E9FE9A751}"
EndProject
Global
	GlobalSection(SolutionConfigurationPlatforms) = preSolution
		Debug|Any CPU = Debug|Any CPU
		Release|Any CPU = Release|Any CPU
	EndGlobalSection
	GlobalSection(ProjectConfigurationPlatforms) = postSolution
		{0668C3AD-C37B-A55A-6F4F-9144B720DCB0}.Debug|Any CPU.ActiveCfg = Debug|Any CPU
		{0668C3AD-C37B-A55A-6F4F-9144B720DCB0}.Debug|Any CPU.Build.0 = Debug|Any CPU
		{0668C3AD-C37B-A55A-6F4F-9144B720DCB0}.Release|Any CPU.ActiveCfg = Release|Any CPU
		{0668C3AD-C37B-A55A-6F4F-9144B720DCB0}.Release|Any CPU.Build.0 = Release|Any CPU
		{B20D95A5-D2CB-B51E-30E6-76B04814D88A}.Debug|Any CPU.ActiveCfg = Debug|Any CPU
		{B20D95A5-D2CB-B51E-30E6-76B04814D88A}.Debug|Any CPU.Build.0 = Debug|Any CPU
		{B20D95A5-D2CB-B51E-30E6-76B04814D88A}.Release|Any CPU.ActiveCfg = Release|Any CPU
		{B20D95A5-D2CB-B51E-30E6-76B04814D88A}.Release|Any CPU.Build.0 = Release|Any CPU
		{B2E0D296-4546-6C97-3EEB-BE5970141FC7}.Debug|Any CPU.ActiveCfg = Debug|Any CPU
		{B2E0D296-4546-6C97-3EEB-BE5970141FC7}.Debug|Any CPU.Build.0 = Debug|Any CPU
		{B2E0D296-4546-6C97-3EEB-BE5970141FC7}.Release|Any CPU.ActiveCfg = Release|Any CPU
		{B2E0D296-4546-6C97-3EEB-BE5970141FC7}.Release|Any CPU.Build.0 = Release|Any CPU
		{3C975554-C8A1-6CEA-1F21-6EF2C9BFBDB8}.Debug|Any CPU.ActiveCfg = Debug|Any CPU
		{3C975554-C8A1-6CEA-1F21-6EF2C9BFBDB8}.Debug|Any CPU.Build.0 = Debug|Any CPU
		{3C975554-C8A1-6CEA-1F21-6EF2C9BFBDB8}.Release|Any CPU.ActiveCfg = Release|Any CPU
		{3C975554-C8A1-6CEA-1F21-6EF2C9BFBDB8}.Release|Any CPU.Build.0 = Release|Any CPU
		{70F0CE0D-601C-6CEF-87A2-281E9FE9A751}.Debug|Any CPU.ActiveCfg = Debug|Any CPU
		{70F0CE0D-601C-6CEF-87A2-281E9FE9A751}.Debug|Any CPU.Build.0 = Debug|Any CPU
		{70F0CE0D-601C-6CEF-87A2-281E9FE9A751}.Release|Any CPU.ActiveCfg = Release|Any CPU
		{70F0CE0D-601C-6CEF-87A2-281E9FE9A751}.Release|Any CPU.Build.0 = Release|Any CPU
	EndGlobalSection
	GlobalSection(SolutionProperties) = preSolution
		HideSolutionNode = FALSE
	EndGlobalSection
																																				GlobalSection(MonoDevelopProperties) = preSolution
		StartupItem = Assembly-CSharp.csproj
		Policies = $0
		$0.TextStylePolicy = $1
		$1.inheritsSet = null
		$1.scope = text/x-csharp
		$0.CSharpFormattingPolicy = $2
		$2.inheritsSet = Mono
		$2.inheritsScope = text/x-csharp
		$2.scope = text/x-csharp
		$0.TextStylePolicy = $3
		$3.FileWidth = 120
		$3.TabWidth = 4
		$3.EolMarker = Unix
		$3.inheritsSet = Mono
		$3.inheritsScope = text/plain
		$3.scope = text/plain
	EndGlobalSection

EndGlobal
